{
  "name": "170122_othellonia_ranryoo",
  "version": "1.0.0",
  "lockfileVersion": 1,
  "requires": true,
  "dependencies": {
    "png-crop": {
      "version": "0.0.2",
      "resolved": "https://registry.npmjs.org/png-crop/-/png-crop-0.0.2.tgz",
      "integrity": "sha512-AEkJ7L51uh0Fw8SkOAwfsPrfTasVQw6gg/8LAPJK0Iu9gj9tchIyndpd8NG68rE0Ywd1U0PIeEVb9VCLviAfxQ==",
      "dev": true,
      "requires": {
        "pngjs": "3.3.3",
        "streamifier": "0.1.1"
      }
    },
    "pngjs": {
      "version": "3.3.3",
      "resolved": "https://registry.npmjs.org/pngjs/-/pngjs-3.3.3.tgz",
      "integrity": "sha512-1n3Z4p3IOxArEs1VRXnZ/RXdfEniAUS9jb68g58FIXMNkPJeZd+Qh4Uq7/e0LVxAQGos1eIUrqrt4FpjdnEd+Q==",
      "dev": true
    },
    "streamifier": {
      "version": "0.1.1",
      "resolved": "https://registry.npmjs.org/streamifier/-/streamifier-0.1.1.tgz",
      "integrity": "sha1-l+mNj6TRBdYqJpHR3AfoINuN/E8=",
      "dev": true
    }
  }
}
